
Microsoft Visual Studio Solution File, Format Version 12.00
# Visual Studio 15
VisualStudioVersion = 15.0.27428.2037
MinimumVisualStudioVersion = 10.0.40219.1
Project("{FAE04EC0-301F-11D3-BF4B-00C04F79EFBC}") = "FaceDetectApiSdkDemo", "FaceDetectApiSdkDemo\FaceDetectApiSdkDemo.csproj", "{6A63974C-5A8F-440B-B617-B1BE6A9E800E}"
EndProject
Global
	GlobalSection(SolutionConfigurationPlatforms) = preSolution
		Debug|Any CPU = Debug|Any CPU
		Release|Any CPU = Release|Any CPU
	EndGlobalSection
	GlobalSection(ProjectConfigurationPlatforms) = postSolution
		{6A63974C-5A8F-440B-B617-B1BE6A9E800E}.Debug|Any CPU.ActiveCfg = Debug|Any CPU
		{6A63974C-5A8F-440B-B617-B1BE6A9E800E}.Debug|Any CPU.Build.0 = Debug|Any CPU
		{6A63974C-5A8F-440B-B617-B1BE6A9E800E}.Release|Any CPU.ActiveCfg = Release|Any CPU
		{6A63974C-5A8F-440B-B617-B1BE6A9E800E}.Release|Any CPU.Build.0 = Release|Any CPU
	EndGlobalSection
	GlobalSection(SolutionProperties) = preSolution
		HideSolutionNode = FALSE
	EndGlobalSection
	GlobalSection(ExtensibilityGlobals) = postSolution
		SolutionGuid = {14694C4C-A36B-484B-9111-183FC960FDEF}
	EndGlobalSection
EndGlobal
